// !$*UTF8*$!
{
	archiveVersion = 1;
	classes = {
	};
	objectVersion = 50;
	objects = {

/* Begin PBXBuildFile section */
		84F0EC0125C6A83C00F7CFEB /* AppDelegate.swift in Sources */ = {isa = PBXBuildFile; fileRef = 84F0EC0025C6A83C00F7CFEB /* AppDelegate.swift */; };
		84F0EC0325C6A83C00F7CFEB /* SceneDelegate.swift in Sources */ = {isa = PBXBuildFile; fileRef = 84F0EC0225C6A83C00F7CFEB /* SceneDelegate.swift */; };
		84F0EC0525C6A83C00F7CFEB /* ViewController.swift in Sources */ = {isa = PBXBuildFile; fileRef = 84F0EC0425C6A83C00F7CFEB /* ViewController.swift */; };
		84F0EC0825C6A83C00F7CFEB /* Main.storyboard in Resources */ = {isa = PBXBuildFile; fileRef = 84F0EC0625C6A83C00F7CFEB /* Main.storyboard */; };
		84F0EC0A25C6A85600F7CFEB /* Assets.xcassets in Resources */ = {isa = PBXBuildFile; fileRef = 84F0EC0925C6A85600F7CFEB /* Assets.xcassets */; };
		84F0EC0D25C6A85600F7CFEB /* LaunchScreen.storyboard in Resources */ = {isa = PBXBuildFile; fileRef = 84F0EC0B25C6A85600F7CFEB /* LaunchScreen.storyboard */; };
		84F0EC1625C6A95A00F7CFEB /* TestVC.swift in Sources */ = {isa = PBXBuildFile; fileRef = 84F0EC1525C6A95A00F7CFEB /* TestVC.swift */; };
		84F0EC1925C6A9C000F7CFEB /* AnswerCellVC.swift in Sources */ = {isa = PBXBuildFile; fileRef = 84F0EC1825C6A9C000F7CFEB /* AnswerCellVC.swift */; };
		84F0EC1C25C6AA0D00F7CFEB /* ResultVC.swift in Sources */ = {isa = PBXBuildFile; fileRef = 84F0EC1B25C6AA0D00F7CFEB /* ResultVC.swift */; };
		84F0EC1F25C6AA4900F7CFEB /* HistoryVC.swift in Sources */ = {isa = PBXBuildFile; fileRef = 84F0EC1E25C6AA4900F7CFEB /* HistoryVC.swift */; };
		84F0EC2225C6AB4400F7CFEB /* MyTableViewCell.swift in Sources */ = {isa = PBXBuildFile; fileRef = 84F0EC2125C6AB4400F7CFEB /* MyTableViewCell.swift */; };
/* End PBXBuildFile section */

/* Begin PBXFileReference section */
		84F0EBFD25C6A83B00F7CFEB /* quiz2.app */ = {isa = PBXFileReference; explicitFileType = wrapper.application; includeInIndex = 0; path = quiz2.app; sourceTree = BUILT_PRODUCTS_DIR; };
		84F0EC0025C6A83C00F7CFEB /* AppDelegate.swift */ = {isa = PBXFileReference; lastKnownFileType = sourcecode.swift; path = AppDelegate.swift; sourceTree = "<group>"; };
		84F0EC0225C6A83C00F7CFEB /* SceneDelegate.swift */ = {isa = PBXFileReference; lastKnownFileType = sourcecode.swift; path = SceneDelegate.swift; sourceTree = "<group>"; };
		84F0EC0425C6A83C00F7CFEB /* ViewController.swift */ = {isa = PBXFileReference; lastKnownFileType = sourcecode.swift; path = ViewController.swift; sourceTree = "<group>"; };
		84F0EC0725C6A83C00F7CFEB /* Base */ = {isa = PBXFileReference; lastKnownFileType = file.storyboard; name = Base; path = Base.lproj/Main.storyboard; sourceTree = "<group>"; };
		84F0EC0925C6A85600F7CFEB /* Assets.xcassets */ = {isa = PBXFileReference; lastKnownFileType = folder.assetcatalog; path = Assets.xcassets; sourceTree = "<group>"; };
		84F0EC0C25C6A85600F7CFEB /* Base */ = {isa = PBXFileReference; lastKnownFileType = file.storyboard; name = Base; path = Base.lproj/LaunchScreen.storyboard; sourceTree = "<group>"; };
		84F0EC0E25C6A85600F7CFEB /* Info.plist */ = {isa = PBXFileReference; lastKnownFileType = text.plist.xml; path = Info.plist; sourceTree = "<group>"; };
		84F0EC1525C6A95A00F7CFEB /* TestVC.swift */ = {isa = PBXFileReference; lastKnownFileType = sourcecode.swift; path = TestVC.swift; sourceTree = "<group>"; };
		84F0EC1825C6A9C000F7CFEB /* AnswerCellVC.swift */ = {isa = PBXFileReference; lastKnownFileType = sourcecode.swift; path = AnswerCellVC.swift; sourceTree = "<group>"; };
		84F0EC1B25C6AA0D00F7CFEB /* ResultVC.swift */ = {isa = PBXFileReference; lastKnownFileType = sourcecode.swift; path = ResultVC.swift; sourceTree = "<group>"; };
		84F0EC1E25C6AA4900F7CFEB /* HistoryVC.swift */ = {isa = PBXFileReference; lastKnownFileType = sourcecode.swift; path = HistoryVC.swift; sourceTree = "<group>"; };
		84F0EC2125C6AB4400F7CFEB /* MyTableViewCell.swift */ = {isa = PBXFileReference; lastKnownFileType = sourcecode.swift; path = MyTableViewCell.swift; sourceTree = "<group>"; };
/* End PBXFileReference section */

/* Begin PBXFrameworksBuildPhase section */
		84F0EBFA25C6A83B00F7CFEB /* Frameworks */ = {
			isa = PBXFrameworksBuildPhase;
			buildActionMask = 2147483647;
			files = (
			);
			runOnlyForDeploymentPostprocessing = 0;
		};
/* End PBXFrameworksBuildPhase section */

/* Begin PBXGroup section */
		84F0EBF425C6A83A00F7CFEB = {
			isa = PBXGroup;
			children = (
				84F0EBFF25C6A83B00F7CFEB /* quiz2 */,
				84F0EBFE25C6A83B00F7CFEB /* Products */,
			);
			sourceTree = "<group>";
		};
		84F0EBFE25C6A83B00F7CFEB /* Products */ = {
			isa = PBXGroup;
			children = (
				84F0EBFD25C6A83B00F7CFEB /* quiz2.app */,
			);
			name = Products;
			sourceTree = "<group>";
		};
		84F0EBFF25C6A83B00F7CFEB /* quiz2 */ = {
			isa = PBXGroup;
			children = (
				84F0EC0025C6A83C00F7CFEB /* AppDelegate.swift */,
				84F0EC0225C6A83C00F7CFEB /* SceneDelegate.swift */,
				84F0EC0425C6A83C00F7CFEB /* ViewController.swift */,
				84F0EC0625C6A83C00F7CFEB /* Main.storyboard */,
				84F0EC0925C6A85600F7CFEB /* Assets.xcassets */,
				84F0EC0B25C6A85600F7CFEB /* LaunchScreen.storyboard */,
				84F0EC0E25C6A85600F7CFEB /* Info.plist */,
				84F0EC1525C6A95A00F7CFEB /* TestVC.swift */,
				84F0EC1825C6A9C000F7CFEB /* AnswerCellVC.swift */,
				84F0EC1B25C6AA0D00F7CFEB /* ResultVC.swift */,
				84F0EC1E25C6AA4900F7CFEB /* HistoryVC.swift */,
				84F0EC2125C6AB4400F7CFEB /* MyTableViewCell.swift */,
			);
			path = quiz2;
			sourceTree = "<group>";
		};
/* End PBXGroup section */

/* Begin PBXNativeTarget section */
		84F0EBFC25C6A83B00F7CFEB /* quiz2 */ = {
			isa = PBXNativeTarget;
			buildConfigurationList = 84F0EC1125C6A85600F7CFEB /* Build configuration list for PBXNativeTarget "quiz2" */;
			buildPhases = (
				84F0EBF925C6A83B00F7CFEB /* Sources */,
				84F0EBFA25C6A83B00F7CFEB /* Frameworks */,
				84F0EBFB25C6A83B00F7CFEB /* Resources */,
			);
			buildRules = (
			);
			dependencies = (
			);
			name = quiz2;
			productName = quiz2;
			productReference = 84F0EBFD25C6A83B00F7CFEB /* quiz2.app */;
			productType = "com.apple.product-type.application";
		};
/* End PBXNativeTarget section */

/* Begin PBXProject section */
		84F0EBF525C6A83A00F7CFEB /* Project object */ = {
			isa = PBXProject;
			attributes = {
				LastSwiftUpdateCheck = 1230;
				LastUpgradeCheck = 1230;
				TargetAttributes = {
					84F0EBFC25C6A83B00F7CFEB = {
						CreatedOnToolsVersion = 12.3;
					};
				};
			};
			buildConfigurationList = 84F0EBF825C6A83A00F7CFEB /* Build configuration list for PBXProject "quiz2" */;
			compatibilityVersion = "Xcode 9.3";
			developmentRegion = en;
			hasScannedForEncodings = 0;
			knownRegions = (
				en,
				Base,
			);
			mainGroup = 84F0EBF425C6A83A00F7CFEB;
			productRefGroup = 84F0EBFE25C6A83B00F7CFEB /* Products */;
			projectDirPath = "";
			projectRoot = "";
			targets = (
				84F0EBFC25C6A83B00F7CFEB /* quiz2 */,
			);
		};
/* End PBXProject section */

/* Begin PBXResourcesBuildPhase section */
		84F0EBFB25C6A83B00F7CFEB /* Resources */ = {
			isa = PBXResourcesBuildPhase;
			buildActionMask = 2147483647;
			files = (
				84F0EC0D25C6A85600F7CFEB /* LaunchScreen.storyboard in Resources */,
				84F0EC0A25C6A85600F7CFEB /* Assets.xcassets in Resources */,
				84F0EC0825C6A83C00F7CFEB /* Main.storyboard in Resources */,
			);
			runOnlyForDeploymentPostprocessing = 0;
		};
/* End PBXResourcesBuildPhase section */

/* Begin PBXSourcesBuildPhase section */
		84F0EBF925C6A83B00F7CFEB /* Sources */ = {
			isa = PBXSourcesBuildPhase;
			buildActionMask = 2147483647;
			files = (
				84F0EC1F25C6AA4900F7CFEB /* HistoryVC.swift in Sources */,
				84F0EC2225C6AB4400F7CFEB /* MyTableViewCell.swift in Sources */,
				84F0EC1625C6A95A00F7CFEB /* TestVC.swift in Sources */,
				84F0EC1C25C6AA0D00F7CFEB /* ResultVC.swift in Sources */,
				84F0EC1925C6A9C000F7CFEB /* AnswerCellVC.swift in Sources */,
				84F0EC0525C6A83C00F7CFEB /* ViewController.swift in Sources */,
				84F0EC0125C6A83C00F7CFEB /* AppDelegate.swift in Sources */,
				84F0EC0325C6A83C00F7CFEB /* SceneDelegate.swift in Sources */,
			);
			runOnlyForDeploymentPostprocessing = 0;
		};
/* End PBXSourcesBuildPhase section */

/* Begin PBXVariantGroup section */
		84F0EC0625C6A83C00F7CFEB /* Main.storyboard */ = {
			isa = PBXVariantGroup;
			children = (
				84F0EC0725C6A83C00F7CFEB /* Base */,
			);
			name = Main.storyboard;
			sourceTree = "<group>";
		};
		84F0EC0B25C6A85600F7CFEB /* LaunchScreen.storyboard */ = {
			isa = PBXVariantGroup;
			children = (
				84F0EC0C25C6A85600F7CFEB /* Base */,
			);
			name = LaunchScreen.storyboard;
			sourceTree = "<group>";
		};
/* End PBXVariantGroup section */

/* Begin XCBuildConfiguration section */
		84F0EC0F25C6A85600F7CFEB /* Debug */ = {
			isa = XCBuildConfiguration;
			buildSettings = {
				ALWAYS_SEARCH_USER_PATHS = NO;
				CLANG_ANALYZER_NONNULL = YES;
				CLANG_ANALYZER_NUMBER_OBJECT_CONVERSION = YES_AGGRESSIVE;
				CLANG_CXX_LANGUAGE_STANDARD = "gnu++14";
				CLANG_CXX_LIBRARY = "libc++";
				CLANG_ENABLE_MODULES = YES;
				CLANG_ENABLE_OBJC_ARC = YES;
				CLANG_ENABLE_OBJC_WEAK = YES;
				CLANG_WARN_BLOCK_CAPTURE_AUTORELEASING = YES;
				CLANG_WARN_BOOL_CONVERSION = YES;
				CLANG_WARN_COMMA = YES;
				CLANG_WARN_CONSTANT_CONVERSION = YES;
				CLANG_WARN_DEPRECATED_OBJC_IMPLEMENTATIONS = YES;
				CLANG_WARN_DIRECT_OBJC_ISA_USAGE = YES_ERROR;
				CLANG_WARN_DOCUMENTATION_COMMENTS = YES;
				CLANG_WARN_EMPTY_BODY = YES;
				CLANG_WARN_ENUM_CONVERSION = YES;
				CLANG_WARN_INFINITE_RECURSION = YES;
				CLANG_WARN_INT_CONVERSION = YES;
				CLANG_WARN_NON_LITERAL_NULL_CONVERSION = YES;
				CLANG_WARN_OBJC_IMPLICIT_RETAIN_SELF = YES;
				CLANG_WARN_OBJC_LITERAL_CONVERSION = YES;
				CLANG_WARN_OBJC_ROOT_CLASS = YES_ERROR;
				CLANG_WARN_QUOTED_INCLUDE_IN_FRAMEWORK_HEADER = YES;
				CLANG_WARN_RANGE_LOOP_ANALYSIS = YES;
				CLANG_WARN_STRICT_PROTOTYPES = YES;
				CLANG_WARN_SUSPICIOUS_MOVE = YES;
				CLANG_WARN_UNGUARDED_AVAILABILITY = YES_AGGRESSIVE;
				CLANG_WARN_UNREACHABLE_CODE = YES;
				CLANG_WARN__DUPLICATE_METHOD_MATCH = YES;
				COPY_PHASE_STRIP = NO;
				DEBUG_INFORMATION_FORMAT = dwarf;
				ENABLE_STRICT_OBJC_MSGSEND = YES;
				ENABLE_TESTABILITY = YES;
				GCC_C_LANGUAGE_STANDARD = gnu11;
				GCC_DYNAMIC_NO_PIC = NO;
				GCC_NO_COMMON_BLOCKS = YES;
				GCC_OPTIMIZATION_LEVEL = 0;
				GCC_PREPROCESSOR_DEFINITIONS = (
					"DEBUG=1",
					"$(inherited)",
				);
				GCC_WARN_64_TO_32_BIT_CONVERSION = YES;
				GCC_WARN_ABOUT_RETURN_TYPE = YES_ERROR;
				GCC_WARN_UNDECLARED_SELECTOR = YES;
				GCC_WARN_UNINITIALIZED_AUTOS = YES_AGGRESSIVE;
				GCC_WARN_UNUSED_FUNCTION = YES;
				GCC_WARN_UNUSED_VARIABLE = YES;
				IPHONEOS_DEPLOYMENT_TARGET = 14.3;
				MTL_ENABLE_DEBUG_INFO = INCLUDE_SOURCE;
				MTL_FAST_MATH = YES;
				ONLY_ACTIVE_ARCH = YES;
				SDKROOT = iphoneos;
				SWIFT_ACTIVE_COMPILATION_CONDITIONS = DEBUG;
				SWIFT_OPTIMIZATION_LEVEL = "-Onone";
			};
			name = Debug;
		};
		84F0EC1025C6A85600F7CFEB /* Release */ = {
			isa = XCBuildConfiguration;
			buildSettings = {
				ALWAYS_SEARCH_USER_PATHS = NO;
				CLANG_ANALYZER_NONNULL = YES;
				CLANG_ANALYZER_NUMBER_OBJECT_CONVERSION = YES_AGGRESSIVE;
				CLANG_CXX_LANGUAGE_STANDARD = "gnu++14";
				CLANG_CXX_LIBRARY = "libc++";
				CLANG_ENABLE_MODULES = YES;
				CLANG_ENABLE_OBJC_ARC = YES;
				CLANG_ENABLE_OBJC_WEAK = YES;
				CLANG_WARN_BLOCK_CAPTURE_AUTORELEASING = YES;
				CLANG_WARN_BOOL_CONVERSION = YES;
				CLANG_WARN_COMMA = YES;
				CLANG_WARN_CONSTANT_CONVERSION = YES;
				CLANG_WARN_DEPRECATED_OBJC_IMPLEMENTATIONS = YES;
				CLANG_WARN_DIRECT_OBJC_ISA_USAGE = YES_ERROR;
				CLANG_WARN_DOCUMENTATION_COMMENTS = YES;
				CLANG_WARN_EMPTY_BODY = YES;
				CLANG_WARN_ENUM_CONVERSION = YES;
				CLANG_WARN_INFINITE_RECURSION = YES;
				CLANG_WARN_INT_CONVERSION = YES;
				CLANG_WARN_NON_LITERAL_NULL_CONVERSION = YES;
				CLANG_WARN_OBJC_IMPLICIT_RETAIN_SELF = YES;
				CLANG_WARN_OBJC_LITERAL_CONVERSION = YES;
				CLANG_WARN_OBJC_ROOT_CLASS = YES_ERROR;
				CLANG_WARN_QUOTED_INCLUDE_IN_FRAMEWORK_HEADER = YES;
				CLANG_WARN_RANGE_LOOP_ANALYSIS = YES;
				CLANG_WARN_STRICT_PROTOTYPES = YES;
				CLANG_WARN_SUSPICIOUS_MOVE = YES;
				CLANG_WARN_UNGUARDED_AVAILABILITY = YES_AGGRESSIVE;
				CLANG_WARN_UNREACHABLE_CODE = YES;
				CLANG_WARN__DUPLICATE_METHOD_MATCH = YES;
				COPY_PHASE_STRIP = NO;
				DEBUG_INFORMATION_FORMAT = "dwarf-with-dsym";
				ENABLE_NS_ASSERTIONS = NO;
				ENABLE_STRICT_OBJC_MSGSEND = YES;
				GCC_C_LANGUAGE_STANDARD = gnu11;
				GCC_NO_COMMON_BLOCKS = YES;
				GCC_WARN_64_TO_32_BIT_CONVERSION = YES;
				GCC_WARN_ABOUT_RETURN_TYPE = YES_ERROR;
				GCC_WARN_UNDECLARED_SELECTOR = YES;
				GCC_WARN_UNINITIALIZED_AUTOS = YES_AGGRESSIVE;
				GCC_WARN_UNUSED_FUNCTION = YES;
				GCC_WARN_UNUSED_VARIABLE = YES;
				IPHONEOS_DEPLOYMENT_TARGET = 14.3;
				MTL_ENABLE_DEBUG_INFO = NO;
				MTL_FAST_MATH = YES;
				SDKROOT = iphoneos;
				SWIFT_COMPILATION_MODE = wholemodule;
				SWIFT_OPTIMIZATION_LEVEL = "-O";
				VALIDATE_PRODUCT = YES;
			};
			name = Release;
		};
		84F0EC1225C6A85600F7CFEB /* Debug */ = {
			isa = XCBuildConfiguration;
			buildSettings = {
				ASSETCATALOG_COMPILER_APPICON_NAME = AppIcon;
				ASSETCATALOG_COMPILER_GLOBAL_ACCENT_COLOR_NAME = AccentColor;
				CODE_SIGN_STYLE = Automatic;
				INFOPLIST_FILE = quiz2/Info.plist;
				LD_RUNPATH_SEARCH_PATHS = (
					"$(inherited)",
					"@executable_path/Frameworks",
				);
				PRODUCT_BUNDLE_IDENTIFIER = aitu.quiz2;
				PRODUCT_NAME = "$(TARGET_NAME)";
				SWIFT_VERSION = 5.0;
				TARGETED_DEVICE_FAMILY = "1,2";
			};
			name = Debug;
		};
		84F0EC1325C6A85600F7CFEB /* Release */ = {
			isa = XCBuildConfiguration;
			buildSettings = {
				ASSETCATALOG_COMPILER_APPICON_NAME = AppIcon;
				ASSETCATALOG_COMPILER_GLOBAL_ACCENT_COLOR_NAME = AccentColor;
				CODE_SIGN_STYLE = Automatic;
				INFOPLIST_FILE = quiz2/Info.plist;
				LD_RUNPATH_SEARCH_PATHS = (
					"$(inherited)",
					"@executable_path/Frameworks",
				);
				PRODUCT_BUNDLE_IDENTIFIER = aitu.quiz2;
				PRODUCT_NAME = "$(TARGET_NAME)";
				SWIFT_VERSION = 5.0;
				TARGETED_DEVICE_FAMILY = "1,2";
			};
			name = Release;
		};
/* End XCBuildConfiguration section */

/* Begin XCConfigurationList section */
		84F0EBF825C6A83A00F7CFEB /* Build configuration list for PBXProject "quiz2" */ = {
			isa = XCConfigurationList;
			buildConfigurations = (
				84F0EC0F25C6A85600F7CFEB /* Debug */,
				84F0EC1025C6A85600F7CFEB /* Release */,
			);
			defaultConfigurationIsVisible = 0;
			defaultConfigurationName = Release;
		};
		84F0EC1125C6A85600F7CFEB /* Build configuration list for PBXNativeTarget "quiz2" */ = {
			isa = XCConfigurationList;
			buildConfigurations = (
				84F0EC1225C6A85600F7CFEB /* Debug */,
				84F0EC1325C6A85600F7CFEB /* Release */,
			);
			defaultConfigurationIsVisible = 0;
			defaultConfigurationName = Release;
		};
/* End XCConfigurationList section */
	};
	rootObject = 84F0EBF525C6A83A00F7CFEB /* Project object */;
}
